// !$*UTF8*$!
{
	archiveVersion = 1;
	classes = {
	};
	objectVersion = 55;
	objects = {

/* Begin PBXBuildFile section */
		982E8E802818FCFB00BBC6DC /* TripsTripTableViewCell.swift in Sources */ = {isa = PBXBuildFile; fileRef = 982E8E7F2818FCFB00BBC6DC /* TripsTripTableViewCell.swift */; };
		982E8E852819562900BBC6DC /* AddTripViewController.swift in Sources */ = {isa = PBXBuildFile; fileRef = 982E8E842819562900BBC6DC /* AddTripViewController.swift */; };
		982F7134281A24C800E68234 /* ViewTripFriendTableViewCell.swift in Sources */ = {isa = PBXBuildFile; fileRef = 982F7133281A24C700E68234 /* ViewTripFriendTableViewCell.swift */; };
		982F7136281A257500E68234 /* ViewTripPlaceTableViewCell.swift in Sources */ = {isa = PBXBuildFile; fileRef = 982F7135281A257500E68234 /* ViewTripPlaceTableViewCell.swift */; };
		982F7138281A2BC600E68234 /* EditTripViewController.swift in Sources */ = {isa = PBXBuildFile; fileRef = 982F7137281A2BC600E68234 /* EditTripViewController.swift */; };
		982F713A281A2FA100E68234 /* EditTripFriendTableViewCell.swift in Sources */ = {isa = PBXBuildFile; fileRef = 982F7139281A2FA100E68234 /* EditTripFriendTableViewCell.swift */; };
		982F713C281A2FB100E68234 /* EditTripPlaceTableViewCell.swift in Sources */ = {isa = PBXBuildFile; fileRef = 982F713B281A2FB100E68234 /* EditTripPlaceTableViewCell.swift */; };
		982F713E281A3B8200E68234 /* CreateJournalViewController.swift in Sources */ = {isa = PBXBuildFile; fileRef = 982F713D281A3B8200E68234 /* CreateJournalViewController.swift */; };
		984E2BAD2817E66C00015093 /* AppDelegate.swift in Sources */ = {isa = PBXBuildFile; fileRef = 984E2BAC2817E66C00015093 /* AppDelegate.swift */; };
		984E2BAF2817E66C00015093 /* SceneDelegate.swift in Sources */ = {isa = PBXBuildFile; fileRef = 984E2BAE2817E66C00015093 /* SceneDelegate.swift */; };
		984E2BB12817E66C00015093 /* ViewController.swift in Sources */ = {isa = PBXBuildFile; fileRef = 984E2BB02817E66C00015093 /* ViewController.swift */; };
		984E2BB42817E66C00015093 /* Main.storyboard in Resources */ = {isa = PBXBuildFile; fileRef = 984E2BB22817E66C00015093 /* Main.storyboard */; };
		984E2BB72817E66C00015093 /* Trip_Organizer.xcdatamodeld in Sources */ = {isa = PBXBuildFile; fileRef = 984E2BB52817E66C00015093 /* Trip_Organizer.xcdatamodeld */; };
		984E2BB92817E66D00015093 /* Assets.xcassets in Resources */ = {isa = PBXBuildFile; fileRef = 984E2BB82817E66D00015093 /* Assets.xcassets */; };
		984E2BBC2817E66D00015093 /* LaunchScreen.storyboard in Resources */ = {isa = PBXBuildFile; fileRef = 984E2BBA2817E66D00015093 /* LaunchScreen.storyboard */; };
		984E2BC628183DB300015093 /* InitialLoad.storyboard in Resources */ = {isa = PBXBuildFile; fileRef = 984E2BC528183DB300015093 /* InitialLoad.storyboard */; };
		984E2BC828183DCF00015093 /* InitialLoadViewController.swift in Sources */ = {isa = PBXBuildFile; fileRef = 984E2BC728183DCF00015093 /* InitialLoadViewController.swift */; };
		984E2BCA28183F8000015093 /* FriendModel.swift in Sources */ = {isa = PBXBuildFile; fileRef = 984E2BC928183F8000015093 /* FriendModel.swift */; };
		984E2BCD2818474E00015093 /* Onboarding.storyboard in Resources */ = {isa = PBXBuildFile; fileRef = 984E2BCC2818474E00015093 /* Onboarding.storyboard */; };
		984E2BCF2818479000015093 /* OnboardingViewController.swift in Sources */ = {isa = PBXBuildFile; fileRef = 984E2BCE2818479000015093 /* OnboardingViewController.swift */; };
		984E2BD1281850E900015093 /* CloseKeyboard.swift in Sources */ = {isa = PBXBuildFile; fileRef = 984E2BD0281850E900015093 /* CloseKeyboard.swift */; };
		98529736281A42DB0045F677 /* MemoriesTripTableViewCell.swift in Sources */ = {isa = PBXBuildFile; fileRef = 98529735281A42DB0045F677 /* MemoriesTripTableViewCell.swift */; };
		98529738281A45090045F677 /* ViewMemoryViewController.swift in Sources */ = {isa = PBXBuildFile; fileRef = 98529737281A45090045F677 /* ViewMemoryViewController.swift */; };
		9852973A281A50810045F677 /* ViewJournalViewController.swift in Sources */ = {isa = PBXBuildFile; fileRef = 98529739281A50810045F677 /* ViewJournalViewController.swift */; };
		9852973C281A594A0045F677 /* Settings.storyboard in Resources */ = {isa = PBXBuildFile; fileRef = 9852973B281A594A0045F677 /* Settings.storyboard */; };
		9852973E281A59780045F677 /* SettingsViewController.swift in Sources */ = {isa = PBXBuildFile; fileRef = 9852973D281A59780045F677 /* SettingsViewController.swift */; };
		9875E16E28185DB900C51517 /* CircularUIView.swift in Sources */ = {isa = PBXBuildFile; fileRef = 9875E16D28185DB900C51517 /* CircularUIView.swift */; };
		9875E1702818D42700C51517 /* MainTripTableViewCell.swift in Sources */ = {isa = PBXBuildFile; fileRef = 9875E16F2818D42600C51517 /* MainTripTableViewCell.swift */; };
		9875E1722818E14100C51517 /* RoundedCornerUIView.swift in Sources */ = {isa = PBXBuildFile; fileRef = 9875E1712818E14100C51517 /* RoundedCornerUIView.swift */; };
		9875E1752818E6A100C51517 /* ExtremelyRoundedCornerUIView.swift in Sources */ = {isa = PBXBuildFile; fileRef = 9875E1742818E6A100C51517 /* ExtremelyRoundedCornerUIView.swift */; };
		9875E1772818EE9800C51517 /* Trips.storyboard in Resources */ = {isa = PBXBuildFile; fileRef = 9875E1762818EE9800C51517 /* Trips.storyboard */; };
		9875E1792818EEC100C51517 /* TripsViewController.swift in Sources */ = {isa = PBXBuildFile; fileRef = 9875E1782818EEC100C51517 /* TripsViewController.swift */; };
		987D40E2281A405B006C64D6 /* Memories.storyboard in Resources */ = {isa = PBXBuildFile; fileRef = 987D40E1281A405B006C64D6 /* Memories.storyboard */; };
		987D40E5281A407D006C64D6 /* MemoriesViewController.swift in Sources */ = {isa = PBXBuildFile; fileRef = 987D40E4281A407D006C64D6 /* MemoriesViewController.swift */; };
		987F08E52819A4C600B24A87 /* BucketListPlaceTableViewCell.swift in Sources */ = {isa = PBXBuildFile; fileRef = 987F08E42819A4C600B24A87 /* BucketListPlaceTableViewCell.swift */; };
		987F08E92819A79C00B24A87 /* AddPlaceViewController.swift in Sources */ = {isa = PBXBuildFile; fileRef = 987F08E82819A79C00B24A87 /* AddPlaceViewController.swift */; };
		987F08EB2819B12300B24A87 /* ViewPlaceViewController.swift in Sources */ = {isa = PBXBuildFile; fileRef = 987F08EA2819B12300B24A87 /* ViewPlaceViewController.swift */; };
		987F08ED2819B5D200B24A87 /* EditPlaceViewController.swift in Sources */ = {isa = PBXBuildFile; fileRef = 987F08EC2819B5D200B24A87 /* EditPlaceViewController.swift */; };
		988C44B8281A5FD6007AC1C9 /* ProfileViewController.swift in Sources */ = {isa = PBXBuildFile; fileRef = 988C44B7281A5FD6007AC1C9 /* ProfileViewController.swift */; };
		988C44BA281A5FED007AC1C9 /* UserDataViewController.swift in Sources */ = {isa = PBXBuildFile; fileRef = 988C44B9281A5FED007AC1C9 /* UserDataViewController.swift */; };
		988C44BC281A5FFF007AC1C9 /* AboutViewController.swift in Sources */ = {isa = PBXBuildFile; fileRef = 988C44BB281A5FFF007AC1C9 /* AboutViewController.swift */; };
		989386862819718100A923E0 /* AddTripFriendTableViewCell.swift in Sources */ = {isa = PBXBuildFile; fileRef = 989386852819718100A923E0 /* AddTripFriendTableViewCell.swift */; };
		989386882819718D00A923E0 /* AddTripPlaceTableViewCell.swift in Sources */ = {isa = PBXBuildFile; fileRef = 989386872819718D00A923E0 /* AddTripPlaceTableViewCell.swift */; };
		98CF8BBB2819A0B20000EB96 /* BucketList.storyboard in Resources */ = {isa = PBXBuildFile; fileRef = 98CF8BBA2819A0B20000EB96 /* BucketList.storyboard */; };
		98CF8BBE2819A0FE0000EB96 /* BucketListViewController.swift in Sources */ = {isa = PBXBuildFile; fileRef = 98CF8BBD2819A0FE0000EB96 /* BucketListViewController.swift */; };
		98DAFCD9281961B5007EDA70 /* CircularImageView.swift in Sources */ = {isa = PBXBuildFile; fileRef = 98DAFCD8281961B5007EDA70 /* CircularImageView.swift */; };
		98F8458B2819BE75007E861E /* PickPlacesViewController.swift in Sources */ = {isa = PBXBuildFile; fileRef = 98F8458A2819BE75007E861E /* PickPlacesViewController.swift */; };
		98F8458D2819C067007E861E /* PickPlaceTableViewCell.swift in Sources */ = {isa = PBXBuildFile; fileRef = 98F8458C2819C067007E861E /* PickPlaceTableViewCell.swift */; };
		98F8458F281A1D98007E861E /* ViewTripViewController.swift in Sources */ = {isa = PBXBuildFile; fileRef = 98F8458E281A1D98007E861E /* ViewTripViewController.swift */; };
/* End PBXBuildFile section */

/* Begin PBXFileReference section */
		982E8E7F2818FCFB00BBC6DC /* TripsTripTableViewCell.swift */ = {isa = PBXFileReference; lastKnownFileType = sourcecode.swift; path = TripsTripTableViewCell.swift; sourceTree = "<group>"; };
		982E8E842819562900BBC6DC /* AddTripViewController.swift */ = {isa = PBXFileReference; lastKnownFileType = sourcecode.swift; path = AddTripViewController.swift; sourceTree = "<group>"; };
		982F7133281A24C700E68234 /* ViewTripFriendTableViewCell.swift */ = {isa = PBXFileReference; lastKnownFileType = sourcecode.swift; path = ViewTripFriendTableViewCell.swift; sourceTree = "<group>"; };
		982F7135281A257500E68234 /* ViewTripPlaceTableViewCell.swift */ = {isa = PBXFileReference; lastKnownFileType = sourcecode.swift; path = ViewTripPlaceTableViewCell.swift; sourceTree = "<group>"; };
		982F7137281A2BC600E68234 /* EditTripViewController.swift */ = {isa = PBXFileReference; lastKnownFileType = sourcecode.swift; path = EditTripViewController.swift; sourceTree = "<group>"; };
		982F7139281A2FA100E68234 /* EditTripFriendTableViewCell.swift */ = {isa = PBXFileReference; lastKnownFileType = sourcecode.swift; path = EditTripFriendTableViewCell.swift; sourceTree = "<group>"; };
		982F713B281A2FB100E68234 /* EditTripPlaceTableViewCell.swift */ = {isa = PBXFileReference; lastKnownFileType = sourcecode.swift; path = EditTripPlaceTableViewCell.swift; sourceTree = "<group>"; };
		982F713D281A3B8200E68234 /* CreateJournalViewController.swift */ = {isa = PBXFileReference; lastKnownFileType = sourcecode.swift; path = CreateJournalViewController.swift; sourceTree = "<group>"; };
		984E2BA92817E66C00015093 /* Trip Organizer.app */ = {isa = PBXFileReference; explicitFileType = wrapper.application; includeInIndex = 0; path = "Trip Organizer.app"; sourceTree = BUILT_PRODUCTS_DIR; };
		984E2BAC2817E66C00015093 /* AppDelegate.swift */ = {isa = PBXFileReference; lastKnownFileType = sourcecode.swift; path = AppDelegate.swift; sourceTree = "<group>"; };
		984E2BAE2817E66C00015093 /* SceneDelegate.swift */ = {isa = PBXFileReference; lastKnownFileType = sourcecode.swift; path = SceneDelegate.swift; sourceTree = "<group>"; };
		984E2BB02817E66C00015093 /* ViewController.swift */ = {isa = PBXFileReference; lastKnownFileType = sourcecode.swift; path = ViewController.swift; sourceTree = "<group>"; };
		984E2BB32817E66C00015093 /* Base */ = {isa = PBXFileReference; lastKnownFileType = file.storyboard; name = Base; path = Base.lproj/Main.storyboard; sourceTree = "<group>"; };
		984E2BB62817E66C00015093 /* Trip_Organizer.xcdatamodel */ = {isa = PBXFileReference; lastKnownFileType = wrapper.xcdatamodel; path = Trip_Organizer.xcdatamodel; sourceTree = "<group>"; };
		984E2BB82817E66D00015093 /* Assets.xcassets */ = {isa = PBXFileReference; lastKnownFileType = folder.assetcatalog; path = Assets.xcassets; sourceTree = "<group>"; };
		984E2BBB2817E66D00015093 /* Base */ = {isa = PBXFileReference; lastKnownFileType = file.storyboard; name = Base; path = Base.lproj/LaunchScreen.storyboard; sourceTree = "<group>"; };
		984E2BBD2817E66D00015093 /* Info.plist */ = {isa = PBXFileReference; lastKnownFileType = text.plist.xml; path = Info.plist; sourceTree = "<group>"; };
		984E2BC528183DB300015093 /* InitialLoad.storyboard */ = {isa = PBXFileReference; lastKnownFileType = file.storyboard; path = InitialLoad.storyboard; sourceTree = "<group>"; };
		984E2BC728183DCF00015093 /* InitialLoadViewController.swift */ = {isa = PBXFileReference; lastKnownFileType = sourcecode.swift; path = InitialLoadViewController.swift; sourceTree = "<group>"; };
		984E2BC928183F8000015093 /* FriendModel.swift */ = {isa = PBXFileReference; lastKnownFileType = sourcecode.swift; path = FriendModel.swift; sourceTree = "<group>"; };
		984E2BCC2818474E00015093 /* Onboarding.storyboard */ = {isa = PBXFileReference; lastKnownFileType = file.storyboard; path = Onboarding.storyboard; sourceTree = "<group>"; };
		984E2BCE2818479000015093 /* OnboardingViewController.swift */ = {isa = PBXFileReference; lastKnownFileType = sourcecode.swift; path = OnboardingViewController.swift; sourceTree = "<group>"; };
		984E2BD0281850E900015093 /* CloseKeyboard.swift */ = {isa = PBXFileReference; lastKnownFileType = sourcecode.swift; path = CloseKeyboard.swift; sourceTree = "<group>"; };
		98529735281A42DB0045F677 /* MemoriesTripTableViewCell.swift */ = {isa = PBXFileReference; lastKnownFileType = sourcecode.swift; path = MemoriesTripTableViewCell.swift; sourceTree = "<group>"; };
		98529737281A45090045F677 /* ViewMemoryViewController.swift */ = {isa = PBXFileReference; lastKnownFileType = sourcecode.swift; path = ViewMemoryViewController.swift; sourceTree = "<group>"; };
		98529739281A50810045F677 /* ViewJournalViewController.swift */ = {isa = PBXFileReference; lastKnownFileType = sourcecode.swift; path = ViewJournalViewController.swift; sourceTree = "<group>"; };
		9852973B281A594A0045F677 /* Settings.storyboard */ = {isa = PBXFileReference; lastKnownFileType = file.storyboard; path = Settings.storyboard; sourceTree = "<group>"; };
		9852973D281A59780045F677 /* SettingsViewController.swift */ = {isa = PBXFileReference; lastKnownFileType = sourcecode.swift; path = SettingsViewController.swift; sourceTree = "<group>"; };
		9875E16D28185DB900C51517 /* CircularUIView.swift */ = {isa = PBXFileReference; lastKnownFileType = sourcecode.swift; path = CircularUIView.swift; sourceTree = "<group>"; };
		9875E16F2818D42600C51517 /* MainTripTableViewCell.swift */ = {isa = PBXFileReference; lastKnownFileType = sourcecode.swift; path = MainTripTableViewCell.swift; sourceTree = "<group>"; };
		9875E1712818E14100C51517 /* RoundedCornerUIView.swift */ = {isa = PBXFileReference; lastKnownFileType = sourcecode.swift; path = RoundedCornerUIView.swift; sourceTree = "<group>"; };
		9875E1742818E6A100C51517 /* ExtremelyRoundedCornerUIView.swift */ = {isa = PBXFileReference; lastKnownFileType = sourcecode.swift; path = ExtremelyRoundedCornerUIView.swift; sourceTree = "<group>"; };
		9875E1762818EE9800C51517 /* Trips.storyboard */ = {isa = PBXFileReference; lastKnownFileType = file.storyboard; path = Trips.storyboard; sourceTree = "<group>"; };
		9875E1782818EEC100C51517 /* TripsViewController.swift */ = {isa = PBXFileReference; lastKnownFileType = sourcecode.swift; path = TripsViewController.swift; sourceTree = "<group>"; };
		987D40E1281A405B006C64D6 /* Memories.storyboard */ = {isa = PBXFileReference; lastKnownFileType = file.storyboard; path = Memories.storyboard; sourceTree = "<group>"; };
		987D40E4281A407D006C64D6 /* MemoriesViewController.swift */ = {isa = PBXFileReference; lastKnownFileType = sourcecode.swift; path = MemoriesViewController.swift; sourceTree = "<group>"; };
		987F08E42819A4C600B24A87 /* BucketListPlaceTableViewCell.swift */ = {isa = PBXFileReference; lastKnownFileType = sourcecode.swift; path = BucketListPlaceTableViewCell.swift; sourceTree = "<group>"; };
		987F08E82819A79C00B24A87 /* AddPlaceViewController.swift */ = {isa = PBXFileReference; lastKnownFileType = sourcecode.swift; path = AddPlaceViewController.swift; sourceTree = "<group>"; };
		987F08EA2819B12300B24A87 /* ViewPlaceViewController.swift */ = {isa = PBXFileReference; lastKnownFileType = sourcecode.swift; path = ViewPlaceViewController.swift; sourceTree = "<group>"; };
		987F08EC2819B5D200B24A87 /* EditPlaceViewController.swift */ = {isa = PBXFileReference; lastKnownFileType = sourcecode.swift; path = EditPlaceViewController.swift; sourceTree = "<group>"; };
		988C44B7281A5FD6007AC1C9 /* ProfileViewController.swift */ = {isa = PBXFileReference; lastKnownFileType = sourcecode.swift; path = ProfileViewController.swift; sourceTree = "<group>"; };
		988C44B9281A5FED007AC1C9 /* UserDataViewController.swift */ = {isa = PBXFileReference; lastKnownFileType = sourcecode.swift; path = UserDataViewController.swift; sourceTree = "<group>"; };
		988C44BB281A5FFF007AC1C9 /* AboutViewController.swift */ = {isa = PBXFileReference; lastKnownFileType = sourcecode.swift; path = AboutViewController.swift; sourceTree = "<group>"; };
		989386852819718100A923E0 /* AddTripFriendTableViewCell.swift */ = {isa = PBXFileReference; lastKnownFileType = sourcecode.swift; path = AddTripFriendTableViewCell.swift; sourceTree = "<group>"; };
		989386872819718D00A923E0 /* AddTripPlaceTableViewCell.swift */ = {isa = PBXFileReference; lastKnownFileType = sourcecode.swift; path = AddTripPlaceTableViewCell.swift; sourceTree = "<group>"; };
		98CF8BBA2819A0B20000EB96 /* BucketList.storyboard */ = {isa = PBXFileReference; lastKnownFileType = file.storyboard; path = BucketList.storyboard; sourceTree = "<group>"; };
		98CF8BBD2819A0FE0000EB96 /* BucketListViewController.swift */ = {isa = PBXFileReference; lastKnownFileType = sourcecode.swift; path = BucketListViewController.swift; sourceTree = "<group>"; };
		98DAFCD8281961B5007EDA70 /* CircularImageView.swift */ = {isa = PBXFileReference; lastKnownFileType = sourcecode.swift; path = CircularImageView.swift; sourceTree = "<group>"; };
		98F8458A2819BE75007E861E /* PickPlacesViewController.swift */ = {isa = PBXFileReference; lastKnownFileType = sourcecode.swift; path = PickPlacesViewController.swift; sourceTree = "<group>"; };
		98F8458C2819C067007E861E /* PickPlaceTableViewCell.swift */ = {isa = PBXFileReference; lastKnownFileType = sourcecode.swift; path = PickPlaceTableViewCell.swift; sourceTree = "<group>"; };
		98F8458E281A1D98007E861E /* ViewTripViewController.swift */ = {isa = PBXFileReference; lastKnownFileType = sourcecode.swift; path = ViewTripViewController.swift; sourceTree = "<group>"; };
/* End PBXFileReference section */

/* Begin PBXFrameworksBuildPhase section */
		984E2BA62817E66C00015093 /* Frameworks */ = {
			isa = PBXFrameworksBuildPhase;
			buildActionMask = 2147483647;
			files = (
			);
			runOnlyForDeploymentPostprocessing = 0;
		};
/* End PBXFrameworksBuildPhase section */

/* Begin PBXGroup section */
		982E8E812818FD0200BBC6DC /* TableViewCell */ = {
			isa = PBXGroup;
			children = (
				98529734281A42AF0045F677 /* Memories */,
				987F08E32819A48000B24A87 /* Bucket List */,
				987F08E22819A46A00B24A87 /* Trips */,
				9875E16F2818D42600C51517 /* MainTripTableViewCell.swift */,
			);
			path = TableViewCell;
			sourceTree = "<group>";
		};
		984E2BA02817E66C00015093 = {
			isa = PBXGroup;
			children = (
				984E2BAB2817E66C00015093 /* Trip Organizer */,
				984E2BAA2817E66C00015093 /* Products */,
			);
			sourceTree = "<group>";
		};
		984E2BAA2817E66C00015093 /* Products */ = {
			isa = PBXGroup;
			children = (
				984E2BA92817E66C00015093 /* Trip Organizer.app */,
			);
			name = Products;
			sourceTree = "<group>";
		};
		984E2BAB2817E66C00015093 /* Trip Organizer */ = {
			isa = PBXGroup;
			children = (
				984E2BAC2817E66C00015093 /* AppDelegate.swift */,
				984E2BAE2817E66C00015093 /* SceneDelegate.swift */,
				982E8E812818FD0200BBC6DC /* TableViewCell */,
				9875E1732818E67300C51517 /* CustomUIView */,
				984E2BCB28183F8600015093 /* Model */,
				984E2BC32817EB1100015093 /* ViewController */,
				984E2BC42817EB3400015093 /* View */,
				984E2BB82817E66D00015093 /* Assets.xcassets */,
				984E2BBD2817E66D00015093 /* Info.plist */,
				984E2BB52817E66C00015093 /* Trip_Organizer.xcdatamodeld */,
			);
			path = "Trip Organizer";
			sourceTree = "<group>";
		};
		984E2BC32817EB1100015093 /* ViewController */ = {
			isa = PBXGroup;
			children = (
				9852973F281A597E0045F677 /* Settings */,
				987D40E3281A406E006C64D6 /* Memories */,
				98CF8BBC2819A0E00000EB96 /* Bucket List */,
				987F08EE2819BAFA00B24A87 /* Trips */,
				984E2BB02817E66C00015093 /* ViewController.swift */,
				984E2BD0281850E900015093 /* CloseKeyboard.swift */,
				984E2BC728183DCF00015093 /* InitialLoadViewController.swift */,
				984E2BCE2818479000015093 /* OnboardingViewController.swift */,
			);
			path = ViewController;
			sourceTree = "<group>";
		};
		984E2BC42817EB3400015093 /* View */ = {
			isa = PBXGroup;
			children = (
				984E2BBA2817E66D00015093 /* LaunchScreen.storyboard */,
				984E2BC528183DB300015093 /* InitialLoad.storyboard */,
				984E2BCC2818474E00015093 /* Onboarding.storyboard */,
				984E2BB22817E66C00015093 /* Main.storyboard */,
				9875E1762818EE9800C51517 /* Trips.storyboard */,
				987D40E1281A405B006C64D6 /* Memories.storyboard */,
				98CF8BBA2819A0B20000EB96 /* BucketList.storyboard */,
				9852973B281A594A0045F677 /* Settings.storyboard */,
			);
			path = View;
			sourceTree = "<group>";
		};
		984E2BCB28183F8600015093 /* Model */ = {
			isa = PBXGroup;
			children = (
				984E2BC928183F8000015093 /* FriendModel.swift */,
			);
			path = Model;
			sourceTree = "<group>";
		};
		98529734281A42AF0045F677 /* Memories */ = {
			isa = PBXGroup;
			children = (
				98529735281A42DB0045F677 /* MemoriesTripTableViewCell.swift */,
			);
			path = Memories;
			sourceTree = "<group>";
		};
		9852973F281A597E0045F677 /* Settings */ = {
			isa = PBXGroup;
			children = (
				9852973D281A59780045F677 /* SettingsViewController.swift */,
				988C44B7281A5FD6007AC1C9 /* ProfileViewController.swift */,
				988C44B9281A5FED007AC1C9 /* UserDataViewController.swift */,
				988C44BB281A5FFF007AC1C9 /* AboutViewController.swift */,
			);
			path = Settings;
			sourceTree = "<group>";
		};
		9875E1732818E67300C51517 /* CustomUIView */ = {
			isa = PBXGroup;
			children = (
				9875E1712818E14100C51517 /* RoundedCornerUIView.swift */,
				9875E16D28185DB900C51517 /* CircularUIView.swift */,
				98DAFCD8281961B5007EDA70 /* CircularImageView.swift */,
				9875E1742818E6A100C51517 /* ExtremelyRoundedCornerUIView.swift */,
			);
			path = CustomUIView;
			sourceTree = "<group>";
		};
		987D40E3281A406E006C64D6 /* Memories */ = {
			isa = PBXGroup;
			children = (
				987D40E4281A407D006C64D6 /* MemoriesViewController.swift */,
				98529737281A45090045F677 /* ViewMemoryViewController.swift */,
				98529739281A50810045F677 /* ViewJournalViewController.swift */,
			);
			path = Memories;
			sourceTree = "<group>";
		};
		987F08E22819A46A00B24A87 /* Trips */ = {
			isa = PBXGroup;
			children = (
				982E8E7F2818FCFB00BBC6DC /* TripsTripTableViewCell.swift */,
				989386852819718100A923E0 /* AddTripFriendTableViewCell.swift */,
				989386872819718D00A923E0 /* AddTripPlaceTableViewCell.swift */,
				98F8458C2819C067007E861E /* PickPlaceTableViewCell.swift */,
				982F7133281A24C700E68234 /* ViewTripFriendTableViewCell.swift */,
				982F7135281A257500E68234 /* ViewTripPlaceTableViewCell.swift */,
				982F7139281A2FA100E68234 /* EditTripFriendTableViewCell.swift */,
				982F713B281A2FB100E68234 /* EditTripPlaceTableViewCell.swift */,
			);
			path = Trips;
			sourceTree = "<group>";
		};
		987F08E32819A48000B24A87 /* Bucket List */ = {
			isa = PBXGroup;
			children = (
				987F08E42819A4C600B24A87 /* BucketListPlaceTableViewCell.swift */,
			);
			path = "Bucket List";
			sourceTree = "<group>";
		};
		987F08EE2819BAFA00B24A87 /* Trips */ = {
			isa = PBXGroup;
			children = (
				9875E1782818EEC100C51517 /* TripsViewController.swift */,
				982E8E842819562900BBC6DC /* AddTripViewController.swift */,
				98F8458A2819BE75007E861E /* PickPlacesViewController.swift */,
				98F8458E281A1D98007E861E /* ViewTripViewController.swift */,
				982F7137281A2BC600E68234 /* EditTripViewController.swift */,
				982F713D281A3B8200E68234 /* CreateJournalViewController.swift */,
			);
			path = Trips;
			sourceTree = "<group>";
		};
		98CF8BBC2819A0E00000EB96 /* Bucket List */ = {
			isa = PBXGroup;
			children = (
				98CF8BBD2819A0FE0000EB96 /* BucketListViewController.swift */,
				987F08E82819A79C00B24A87 /* AddPlaceViewController.swift */,
				987F08EA2819B12300B24A87 /* ViewPlaceViewController.swift */,
				987F08EC2819B5D200B24A87 /* EditPlaceViewController.swift */,
			);
			path = "Bucket List";
			sourceTree = "<group>";
		};
/* End PBXGroup section */

/* Begin PBXNativeTarget section */
		984E2BA82817E66C00015093 /* Trip Organizer */ = {
			isa = PBXNativeTarget;
			buildConfigurationList = 984E2BC02817E66D00015093 /* Build configuration list for PBXNativeTarget "Trip Organizer" */;
			buildPhases = (
				984E2BA52817E66C00015093 /* Sources */,
				984E2BA62817E66C00015093 /* Frameworks */,
				984E2BA72817E66C00015093 /* Resources */,
			);
			buildRules = (
			);
			dependencies = (
			);
			name = "Trip Organizer";
			productName = "Trip Organizer";
			productReference = 984E2BA92817E66C00015093 /* Trip Organizer.app */;
			productType = "com.apple.product-type.application";
		};
/* End PBXNativeTarget section */

/* Begin PBXProject section */
		984E2BA12817E66C00015093 /* Project object */ = {
			isa = PBXProject;
			attributes = {
				BuildIndependentTargetsInParallel = 1;
				LastSwiftUpdateCheck = 1330;
				LastUpgradeCheck = 1330;
				TargetAttributes = {
					984E2BA82817E66C00015093 = {
						CreatedOnToolsVersion = 13.3;
					};
				};
			};
			buildConfigurationList = 984E2BA42817E66C00015093 /* Build configuration list for PBXProject "Trip Organizer" */;
			compatibilityVersion = "Xcode 13.0";
			developmentRegion = en;
			hasScannedForEncodings = 0;
			knownRegions = (
				en,
				Base,
			);
			mainGroup = 984E2BA02817E66C00015093;
			productRefGroup = 984E2BAA2817E66C00015093 /* Products */;
			projectDirPath = "";
			projectRoot = "";
			targets = (
				984E2BA82817E66C00015093 /* Trip Organizer */,
			);
		};
/* End PBXProject section */

/* Begin PBXResourcesBuildPhase section */
		984E2BA72817E66C00015093 /* Resources */ = {
			isa = PBXResourcesBuildPhase;
			buildActionMask = 2147483647;
			files = (
				984E2BBC2817E66D00015093 /* LaunchScreen.storyboard in Resources */,
				98CF8BBB2819A0B20000EB96 /* BucketList.storyboard in Resources */,
				984E2BCD2818474E00015093 /* Onboarding.storyboard in Resources */,
				987D40E2281A405B006C64D6 /* Memories.storyboard in Resources */,
				984E2BB92817E66D00015093 /* Assets.xcassets in Resources */,
				9875E1772818EE9800C51517 /* Trips.storyboard in Resources */,
				9852973C281A594A0045F677 /* Settings.storyboard in Resources */,
				984E2BB42817E66C00015093 /* Main.storyboard in Resources */,
				984E2BC628183DB300015093 /* InitialLoad.storyboard in Resources */,
			);
			runOnlyForDeploymentPostprocessing = 0;
		};
/* End PBXResourcesBuildPhase section */

/* Begin PBXSourcesBuildPhase section */
		984E2BA52817E66C00015093 /* Sources */ = {
			isa = PBXSourcesBuildPhase;
			buildActionMask = 2147483647;
			files = (
				984E2BB12817E66C00015093 /* ViewController.swift in Sources */,
				982F7134281A24C800E68234 /* ViewTripFriendTableViewCell.swift in Sources */,
				982F7136281A257500E68234 /* ViewTripPlaceTableViewCell.swift in Sources */,
				987D40E5281A407D006C64D6 /* MemoriesViewController.swift in Sources */,
				9875E1722818E14100C51517 /* RoundedCornerUIView.swift in Sources */,
				9875E16E28185DB900C51517 /* CircularUIView.swift in Sources */,
				987F08ED2819B5D200B24A87 /* EditPlaceViewController.swift in Sources */,
				98529738281A45090045F677 /* ViewMemoryViewController.swift in Sources */,
				984E2BCA28183F8000015093 /* FriendModel.swift in Sources */,
				988C44BA281A5FED007AC1C9 /* UserDataViewController.swift in Sources */,
				984E2BAD2817E66C00015093 /* AppDelegate.swift in Sources */,
				98DAFCD9281961B5007EDA70 /* CircularImageView.swift in Sources */,
				98F8458B2819BE75007E861E /* PickPlacesViewController.swift in Sources */,
				98CF8BBE2819A0FE0000EB96 /* BucketListViewController.swift in Sources */,
				987F08E52819A4C600B24A87 /* BucketListPlaceTableViewCell.swift in Sources */,
				989386862819718100A923E0 /* AddTripFriendTableViewCell.swift in Sources */,
				9852973A281A50810045F677 /* ViewJournalViewController.swift in Sources */,
				987F08E92819A79C00B24A87 /* AddPlaceViewController.swift in Sources */,
				98F8458F281A1D98007E861E /* ViewTripViewController.swift in Sources */,
				982E8E852819562900BBC6DC /* AddTripViewController.swift in Sources */,
				982E8E802818FCFB00BBC6DC /* TripsTripTableViewCell.swift in Sources */,
				9875E1702818D42700C51517 /* MainTripTableViewCell.swift in Sources */,
				9875E1792818EEC100C51517 /* TripsViewController.swift in Sources */,
				984E2BC828183DCF00015093 /* InitialLoadViewController.swift in Sources */,
				9875E1752818E6A100C51517 /* ExtremelyRoundedCornerUIView.swift in Sources */,
				984E2BCF2818479000015093 /* OnboardingViewController.swift in Sources */,
				9852973E281A59780045F677 /* SettingsViewController.swift in Sources */,
				987F08EB2819B12300B24A87 /* ViewPlaceViewController.swift in Sources */,
				98529736281A42DB0045F677 /* MemoriesTripTableViewCell.swift in Sources */,
				988C44B8281A5FD6007AC1C9 /* ProfileViewController.swift in Sources */,
				982F7138281A2BC600E68234 /* EditTripViewController.swift in Sources */,
				984E2BD1281850E900015093 /* CloseKeyboard.swift in Sources */,
				984E2BB72817E66C00015093 /* Trip_Organizer.xcdatamodeld in Sources */,
				982F713A281A2FA100E68234 /* EditTripFriendTableViewCell.swift in Sources */,
				989386882819718D00A923E0 /* AddTripPlaceTableViewCell.swift in Sources */,
				98F8458D2819C067007E861E /* PickPlaceTableViewCell.swift in Sources */,
				982F713C281A2FB100E68234 /* EditTripPlaceTableViewCell.swift in Sources */,
				982F713E281A3B8200E68234 /* CreateJournalViewController.swift in Sources */,
				988C44BC281A5FFF007AC1C9 /* AboutViewController.swift in Sources */,
				984E2BAF2817E66C00015093 /* SceneDelegate.swift in Sources */,
			);
			runOnlyForDeploymentPostprocessing = 0;
		};
/* End PBXSourcesBuildPhase section */

/* Begin PBXVariantGroup section */
		984E2BB22817E66C00015093 /* Main.storyboard */ = {
			isa = PBXVariantGroup;
			children = (
				984E2BB32817E66C00015093 /* Base */,
			);
			name = Main.storyboard;
			sourceTree = "<group>";
		};
		984E2BBA2817E66D00015093 /* LaunchScreen.storyboard */ = {
			isa = PBXVariantGroup;
			children = (
				984E2BBB2817E66D00015093 /* Base */,
			);
			name = LaunchScreen.storyboard;
			sourceTree = "<group>";
		};
/* End PBXVariantGroup section */

/* Begin XCBuildConfiguration section */
		984E2BBE2817E66D00015093 /* Debug */ = {
			isa = XCBuildConfiguration;
			buildSettings = {
				ALWAYS_SEARCH_USER_PATHS = NO;
				CLANG_ANALYZER_NONNULL = YES;
				CLANG_ANALYZER_NUMBER_OBJECT_CONVERSION = YES_AGGRESSIVE;
				CLANG_CXX_LANGUAGE_STANDARD = "gnu++17";
				CLANG_ENABLE_MODULES = YES;
				CLANG_ENABLE_OBJC_ARC = YES;
				CLANG_ENABLE_OBJC_WEAK = YES;
				CLANG_WARN_BLOCK_CAPTURE_AUTORELEASING = YES;
				CLANG_WARN_BOOL_CONVERSION = YES;
				CLANG_WARN_COMMA = YES;
				CLANG_WARN_CONSTANT_CONVERSION = YES;
				CLANG_WARN_DEPRECATED_OBJC_IMPLEMENTATIONS = YES;
				CLANG_WARN_DIRECT_OBJC_ISA_USAGE = YES_ERROR;
				CLANG_WARN_DOCUMENTATION_COMMENTS = YES;
				CLANG_WARN_EMPTY_BODY = YES;
				CLANG_WARN_ENUM_CONVERSION = YES;
				CLANG_WARN_INFINITE_RECURSION = YES;
				CLANG_WARN_INT_CONVERSION = YES;
				CLANG_WARN_NON_LITERAL_NULL_CONVERSION = YES;
				CLANG_WARN_OBJC_IMPLICIT_RETAIN_SELF = YES;
				CLANG_WARN_OBJC_LITERAL_CONVERSION = YES;
				CLANG_WARN_OBJC_ROOT_CLASS = YES_ERROR;
				CLANG_WARN_QUOTED_INCLUDE_IN_FRAMEWORK_HEADER = YES;
				CLANG_WARN_RANGE_LOOP_ANALYSIS = YES;
				CLANG_WARN_STRICT_PROTOTYPES = YES;
				CLANG_WARN_SUSPICIOUS_MOVE = YES;
				CLANG_WARN_UNGUARDED_AVAILABILITY = YES_AGGRESSIVE;
				CLANG_WARN_UNREACHABLE_CODE = YES;
				CLANG_WARN__DUPLICATE_METHOD_MATCH = YES;
				COPY_PHASE_STRIP = NO;
				DEBUG_INFORMATION_FORMAT = dwarf;
				ENABLE_STRICT_OBJC_MSGSEND = YES;
				ENABLE_TESTABILITY = YES;
				GCC_C_LANGUAGE_STANDARD = gnu11;
				GCC_DYNAMIC_NO_PIC = NO;
				GCC_NO_COMMON_BLOCKS = YES;
				GCC_OPTIMIZATION_LEVEL = 0;
				GCC_PREPROCESSOR_DEFINITIONS = (
					"DEBUG=1",
					"$(inherited)",
				);
				GCC_WARN_64_TO_32_BIT_CONVERSION = YES;
				GCC_WARN_ABOUT_RETURN_TYPE = YES_ERROR;
				GCC_WARN_UNDECLARED_SELECTOR = YES;
				GCC_WARN_UNINITIALIZED_AUTOS = YES_AGGRESSIVE;
				GCC_WARN_UNUSED_FUNCTION = YES;
				GCC_WARN_UNUSED_VARIABLE = YES;
				IPHONEOS_DEPLOYMENT_TARGET = 15.4;
				MTL_ENABLE_DEBUG_INFO = INCLUDE_SOURCE;
				MTL_FAST_MATH = YES;
				ONLY_ACTIVE_ARCH = YES;
				SDKROOT = iphoneos;
				SWIFT_ACTIVE_COMPILATION_CONDITIONS = DEBUG;
				SWIFT_OPTIMIZATION_LEVEL = "-Onone";
			};
			name = Debug;
		};
		984E2BBF2817E66D00015093 /* Release */ = {
			isa = XCBuildConfiguration;
			buildSettings = {
				ALWAYS_SEARCH_USER_PATHS = NO;
				CLANG_ANALYZER_NONNULL = YES;
				CLANG_ANALYZER_NUMBER_OBJECT_CONVERSION = YES_AGGRESSIVE;
				CLANG_CXX_LANGUAGE_STANDARD = "gnu++17";
				CLANG_ENABLE_MODULES = YES;
				CLANG_ENABLE_OBJC_ARC = YES;
				CLANG_ENABLE_OBJC_WEAK = YES;
				CLANG_WARN_BLOCK_CAPTURE_AUTORELEASING = YES;
				CLANG_WARN_BOOL_CONVERSION = YES;
				CLANG_WARN_COMMA = YES;
				CLANG_WARN_CONSTANT_CONVERSION = YES;
				CLANG_WARN_DEPRECATED_OBJC_IMPLEMENTATIONS = YES;
				CLANG_WARN_DIRECT_OBJC_ISA_USAGE = YES_ERROR;
				CLANG_WARN_DOCUMENTATION_COMMENTS = YES;
				CLANG_WARN_EMPTY_BODY = YES;
				CLANG_WARN_ENUM_CONVERSION = YES;
				CLANG_WARN_INFINITE_RECURSION = YES;
				CLANG_WARN_INT_CONVERSION = YES;
				CLANG_WARN_NON_LITERAL_NULL_CONVERSION = YES;
				CLANG_WARN_OBJC_IMPLICIT_RETAIN_SELF = YES;
				CLANG_WARN_OBJC_LITERAL_CONVERSION = YES;
				CLANG_WARN_OBJC_ROOT_CLASS = YES_ERROR;
				CLANG_WARN_QUOTED_INCLUDE_IN_FRAMEWORK_HEADER = YES;
				CLANG_WARN_RANGE_LOOP_ANALYSIS = YES;
				CLANG_WARN_STRICT_PROTOTYPES = YES;
				CLANG_WARN_SUSPICIOUS_MOVE = YES;
				CLANG_WARN_UNGUARDED_AVAILABILITY = YES_AGGRESSIVE;
				CLANG_WARN_UNREACHABLE_CODE = YES;
				CLANG_WARN__DUPLICATE_METHOD_MATCH = YES;
				COPY_PHASE_STRIP = NO;
				DEBUG_INFORMATION_FORMAT = "dwarf-with-dsym";
				ENABLE_NS_ASSERTIONS = NO;
				ENABLE_STRICT_OBJC_MSGSEND = YES;
				GCC_C_LANGUAGE_STANDARD = gnu11;
				GCC_NO_COMMON_BLOCKS = YES;
				GCC_WARN_64_TO_32_BIT_CONVERSION = YES;
				GCC_WARN_ABOUT_RETURN_TYPE = YES_ERROR;
				GCC_WARN_UNDECLARED_SELECTOR = YES;
				GCC_WARN_UNINITIALIZED_AUTOS = YES_AGGRESSIVE;
				GCC_WARN_UNUSED_FUNCTION = YES;
				GCC_WARN_UNUSED_VARIABLE = YES;
				IPHONEOS_DEPLOYMENT_TARGET = 15.4;
				MTL_ENABLE_DEBUG_INFO = NO;
				MTL_FAST_MATH = YES;
				SDKROOT = iphoneos;
				SWIFT_COMPILATION_MODE = wholemodule;
				SWIFT_OPTIMIZATION_LEVEL = "-O";
				VALIDATE_PRODUCT = YES;
			};
			name = Release;
		};
		984E2BC12817E66D00015093 /* Debug */ = {
			isa = XCBuildConfiguration;
			buildSettings = {
				ASSETCATALOG_COMPILER_APPICON_NAME = AppIcon;
				ASSETCATALOG_COMPILER_GLOBAL_ACCENT_COLOR_NAME = AccentColor;
				CODE_SIGN_STYLE = Automatic;
				CURRENT_PROJECT_VERSION = 1;
				DEVELOPMENT_TEAM = FZ22T3BM95;
				GENERATE_INFOPLIST_FILE = YES;
				INFOPLIST_FILE = "Trip Organizer/Info.plist";
				INFOPLIST_KEY_CFBundleDisplayName = MyTrip;
				INFOPLIST_KEY_UIApplicationSupportsIndirectInputEvents = YES;
				INFOPLIST_KEY_UILaunchStoryboardName = LaunchScreen;
				INFOPLIST_KEY_UIMainStoryboardFile = Main;
				INFOPLIST_KEY_UISupportedInterfaceOrientations_iPad = "UIInterfaceOrientationPortrait UIInterfaceOrientationPortraitUpsideDown UIInterfaceOrientationLandscapeLeft UIInterfaceOrientationLandscapeRight";
				INFOPLIST_KEY_UISupportedInterfaceOrientations_iPhone = "UIInterfaceOrientationPortrait UIInterfaceOrientationLandscapeLeft UIInterfaceOrientationLandscapeRight";
				LD_RUNPATH_SEARCH_PATHS = (
					"$(inherited)",
					"@executable_path/Frameworks",
				);
				MARKETING_VERSION = 1.0;
				PRODUCT_BUNDLE_IDENTIFIER = "xyz.awesa.Trip-Organizer";
				PRODUCT_NAME = "$(TARGET_NAME)";
				SWIFT_EMIT_LOC_STRINGS = YES;
				SWIFT_VERSION = 5.0;
				TARGETED_DEVICE_FAMILY = "1,2";
			};
			name = Debug;
		};
		984E2BC22817E66D00015093 /* Release */ = {
			isa = XCBuildConfiguration;
			buildSettings = {
				ASSETCATALOG_COMPILER_APPICON_NAME = AppIcon;
				ASSETCATALOG_COMPILER_GLOBAL_ACCENT_COLOR_NAME = AccentColor;
				CODE_SIGN_STYLE = Automatic;
				CURRENT_PROJECT_VERSION = 1;
				DEVELOPMENT_TEAM = FZ22T3BM95;
				GENERATE_INFOPLIST_FILE = YES;
				INFOPLIST_FILE = "Trip Organizer/Info.plist";
				INFOPLIST_KEY_CFBundleDisplayName = MyTrip;
				INFOPLIST_KEY_UIApplicationSupportsIndirectInputEvents = YES;
				INFOPLIST_KEY_UILaunchStoryboardName = LaunchScreen;
				INFOPLIST_KEY_UIMainStoryboardFile = Main;
				INFOPLIST_KEY_UISupportedInterfaceOrientations_iPad = "UIInterfaceOrientationPortrait UIInterfaceOrientationPortraitUpsideDown UIInterfaceOrientationLandscapeLeft UIInterfaceOrientationLandscapeRight";
				INFOPLIST_KEY_UISupportedInterfaceOrientations_iPhone = "UIInterfaceOrientationPortrait UIInterfaceOrientationLandscapeLeft UIInterfaceOrientationLandscapeRight";
				LD_RUNPATH_SEARCH_PATHS = (
					"$(inherited)",
					"@executable_path/Frameworks",
				);
				MARKETING_VERSION = 1.0;
				PRODUCT_BUNDLE_IDENTIFIER = "xyz.awesa.Trip-Organizer";
				PRODUCT_NAME = "$(TARGET_NAME)";
				SWIFT_EMIT_LOC_STRINGS = YES;
				SWIFT_VERSION = 5.0;
				TARGETED_DEVICE_FAMILY = "1,2";
			};
			name = Release;
		};
/* End XCBuildConfiguration section */

/* Begin XCConfigurationList section */
		984E2BA42817E66C00015093 /* Build configuration list for PBXProject "Trip Organizer" */ = {
			isa = XCConfigurationList;
			buildConfigurations = (
				984E2BBE2817E66D00015093 /* Debug */,
				984E2BBF2817E66D00015093 /* Release */,
			);
			defaultConfigurationIsVisible = 0;
			defaultConfigurationName = Release;
		};
		984E2BC02817E66D00015093 /* Build configuration list for PBXNativeTarget "Trip Organizer" */ = {
			isa = XCConfigurationList;
			buildConfigurations = (
				984E2BC12817E66D00015093 /* Debug */,
				984E2BC22817E66D00015093 /* Release */,
			);
			defaultConfigurationIsVisible = 0;
			defaultConfigurationName = Release;
		};
/* End XCConfigurationList section */

/* Begin XCVersionGroup section */
		984E2BB52817E66C00015093 /* Trip_Organizer.xcdatamodeld */ = {
			isa = XCVersionGroup;
			children = (
				984E2BB62817E66C00015093 /* Trip_Organizer.xcdatamodel */,
			);
			currentVersion = 984E2BB62817E66C00015093 /* Trip_Organizer.xcdatamodel */;
			path = Trip_Organizer.xcdatamodeld;
			sourceTree = "<group>";
			versionGroupType = wrapper.xcdatamodel;
		};
/* End XCVersionGroup section */
	};
	rootObject = 984E2BA12817E66C00015093 /* Project object */;
}
